
Microsoft Visual Studio Solution File, Format Version 12.00
# Visual Studio Version 16
VisualStudioVersion = 16.0.30523.141
MinimumVisualStudioVersion = 10.0.40219.1
Project("{8BC9CEB8-8B4A-11D0-8D11-00A0C91BC942}") = "Lab6.1(OOP)", "Lab6.1(OOP).vcxproj", "{ABE22EA3-22E9-4A37-B837-1E0390B6D420}"
EndProject
Project("{8BC9CEB8-8B4A-11D0-8D11-00A0C91BC942}") = "UnitTest1", "UnitTest1\UnitTest1.vcxproj", "{2ECC9951-47F0-491B-B085-57D67297EF82}"
EndProject
Global
	GlobalSection(SolutionConfigurationPlatforms) = preSolution
		Debug|x64 = Debug|x64
		Debug|x86 = Debug|x86
		Release|x64 = Release|x64
		Release|x86 = Release|x86
	EndGlobalSection
	GlobalSection(ProjectConfigurationPlatforms) = postSolution
		{ABE22EA3-22E9-4A37-B837-1E0390B6D420}.Debug|x64.ActiveCfg = Debug|x64
		{ABE22EA3-22E9-4A37-B837-1E0390B6D420}.Debug|x64.Build.0 = Debug|x64
		{ABE22EA3-22E9-4A37-B837-1E0390B6D420}.Debug|x86.ActiveCfg = Debug|Win32
		{ABE22EA3-22E9-4A37-B837-1E0390B6D420}.Debug|x86.Build.0 = Debug|Win32
		{ABE22EA3-22E9-4A37-B837-1E0390B6D420}.Release|x64.ActiveCfg = Release|x64
		{ABE22EA3-22E9-4A37-B837-1E0390B6D420}.Release|x64.Build.0 = Release|x64
		{ABE22EA3-22E9-4A37-B837-1E0390B6D420}.Release|x86.ActiveCfg = Release|Win32
		{ABE22EA3-22E9-4A37-B837-1E0390B6D420}.Release|x86.Build.0 = Release|Win32
		{2ECC9951-47F0-491B-B085-57D67297EF82}.Debug|x64.ActiveCfg = Debug|x64
		{2ECC9951-47F0-491B-B085-57D67297EF82}.Debug|x64.Build.0 = Debug|x64
		{2ECC9951-47F0-491B-B085-57D67297EF82}.Debug|x86.ActiveCfg = Debug|Win32
		{2ECC9951-47F0-491B-B085-57D67297EF82}.Debug|x86.Build.0 = Debug|Win32
		{2ECC9951-47F0-491B-B085-57D67297EF82}.Release|x64.ActiveCfg = Release|x64
		{2ECC9951-47F0-491B-B085-57D67297EF82}.Release|x64.Build.0 = Release|x64
		{2ECC9951-47F0-491B-B085-57D67297EF82}.Release|x86.ActiveCfg = Release|Win32
		{2ECC9951-47F0-491B-B085-57D67297EF82}.Release|x86.Build.0 = Release|Win32
	EndGlobalSection
	GlobalSection(SolutionProperties) = preSolution
		HideSolutionNode = FALSE
	EndGlobalSection
	GlobalSection(ExtensibilityGlobals) = postSolution
		SolutionGuid = {C03DD8B6-466F-4499-BCC2-1EABF0E31880}
	EndGlobalSection
EndGlobal
